
Microsoft Visual Studio Solution File, Format Version 12.00
# Visual Studio 15
VisualStudioVersion = 15.0.27004.2009
MinimumVisualStudioVersion = 10.0.40219.1
Project("{FAE04EC0-301F-11D3-BF4B-00C04F79EFBC}") = "Ioc", "Ioc\Ioc.csproj", "{0E82DBDD-08FC-411C-BCCB-A19AAD8847F2}"
EndProject
Project("{FAE04EC0-301F-11D3-BF4B-00C04F79EFBC}") = "IocTests", "IocTests\IocTests.csproj", "{49C64FF8-9F30-47DD-ABD9-B9311A4AA4C9}"
EndProject
Global
	GlobalSection(SolutionConfigurationPlatforms) = preSolution
		Debug|Any CPU = Debug|Any CPU
		Release|Any CPU = Release|Any CPU
	EndGlobalSection
	GlobalSection(ProjectConfigurationPlatforms) = postSolution
		{0E82DBDD-08FC-411C-BCCB-A19AAD8847F2}.Debug|Any CPU.ActiveCfg = Debug|Any CPU
		{0E82DBDD-08FC-411C-BCCB-A19AAD8847F2}.Debug|Any CPU.Build.0 = Debug|Any CPU
		{0E82DBDD-08FC-411C-BCCB-A19AAD8847F2}.Release|Any CPU.ActiveCfg = Release|Any CPU
		{0E82DBDD-08FC-411C-BCCB-A19AAD8847F2}.Release|Any CPU.Build.0 = Release|Any CPU
		{49C64FF8-9F30-47DD-ABD9-B9311A4AA4C9}.Debug|Any CPU.ActiveCfg = Debug|Any CPU
		{49C64FF8-9F30-47DD-ABD9-B9311A4AA4C9}.Debug|Any CPU.Build.0 = Debug|Any CPU
		{49C64FF8-9F30-47DD-ABD9-B9311A4AA4C9}.Release|Any CPU.ActiveCfg = Release|Any CPU
		{49C64FF8-9F30-47DD-ABD9-B9311A4AA4C9}.Release|Any CPU.Build.0 = Release|Any CPU
	EndGlobalSection
	GlobalSection(SolutionProperties) = preSolution
		HideSolutionNode = FALSE
	EndGlobalSection
	GlobalSection(ExtensibilityGlobals) = postSolution
		SolutionGuid = {19DD9231-B6CD-4BC4-B58A-6BDF37B022D3}
	EndGlobalSection
EndGlobal
